
Microsoft Visual Studio Solution File, Format Version 12.00
# Visual Studio Version 16
VisualStudioVersion = 16.0.28714.193
MinimumVisualStudioVersion = 10.0.40219.1
Project("{2150E333-8FDC-42A3-9474-1A3956D46DE8}") = "src", "src", "{15B43234-BFBA-41E1-A8C9-206689B00097}"
EndProject
Project("{2150E333-8FDC-42A3-9474-1A3956D46DE8}") = "Services", "Services", "{8CB018F4-EB2D-409A-8C2C-A1520690E766}"
EndProject
Project("{2150E333-8FDC-42A3-9474-1A3956D46DE8}") = "Kros.ApiGateways.Api", "Kros.ApiGateways.Api", "{DF9CF3D3-3396-46E5-9C3C-624ACD743852}"
EndProject
Project("{9A19103F-16F7-4668-BE54-9A1E7A4F7556}") = "Kros.ToDos.Api", "src\Services\Kros.ToDos.Api\Kros.ToDos.Api.csproj", "{ACB95283-B069-4977-8603-3E603D600511}"
EndProject
Project("{9A19103F-16F7-4668-BE54-9A1E7A4F7556}") = "Kros.Statistics.Api", "src\Services\Kros.Statistics.Api\Kros.Statistics.Api.csproj", "{8A585086-3616-4358-80E9-DEB4816EE5CA}"
EndProject
Project("{9A19103F-16F7-4668-BE54-9A1E7A4F7556}") = "Kros.Authorization.Api", "src\Services\Kros.Authorization.Api\Kros.Authorization.Api.csproj", "{0BE6394E-9FA8-4C53-BF4A-1523FC7E37CC}"
EndProject
Project("{9A19103F-16F7-4668-BE54-9A1E7A4F7556}") = "Kros.Organizations.Api", "src\Services\Kros.Organizations.Api\Kros.Organizations.Api.csproj", "{57E9ADA1-1EEF-41A7-84EB-F2821CC37CC5}"
EndProject
Project("{2150E333-8FDC-42A3-9474-1A3956D46DE8}") = "Libs", "Libs", "{1FB87585-551C-4480-B696-CFE24EA1C703}"
EndProject
Project("{9A19103F-16F7-4668-BE54-9A1E7A4F7556}") = "Kros.ToDos.Base.Tests", "tests\Kros.ToDos.Base.Tests\Kros.ToDos.Base.Tests.csproj", "{079413CC-8DF9-420E-A009-05E81A2C9653}"
EndProject
Project("{2150E333-8FDC-42A3-9474-1A3956D46DE8}") = "tests", "tests", "{0CA758E8-9154-4F55-8009-8DB24CB0EAAF}"
EndProject
Project("{2150E333-8FDC-42A3-9474-1A3956D46DE8}") = "pipelines", "pipelines", "{96ADBA09-E8D7-4791-81DC-E51AC4B0FD51}"
	ProjectSection(SolutionItems) = preProject
		pipelines\build-ci-full.yml = pipelines\build-ci-full.yml
		pipelines\build-ci-simple.yml = pipelines\build-ci-simple.yml
		pipelines\build-ci.yml = pipelines\build-ci.yml
		pipelines\build-pr.yml = pipelines\build-pr.yml
		pipelines\build-steps-core.yml = pipelines\build-steps-core.yml
		pipelines\build-steps-publish.yml = pipelines\build-steps-publish.yml
	EndProjectSection
EndProject
Project("{9A19103F-16F7-4668-BE54-9A1E7A4F7556}") = "Kros.ToDos.Base", "src\Lib\Kros.ToDos.Base\Kros.ToDos.Base.csproj", "{57E8ECA3-3D01-47AF-A9BF-EA0BFC9772EA}"
EndProject
Project("{9A19103F-16F7-4668-BE54-9A1E7A4F7556}") = "Kros.ApiGateway.Api", "src\Kros.ApiGateway.Api\Kros.ApiGateway.Api.csproj", "{D3E65C82-002B-4B5B-A88C-6C5C4D742EB8}"
EndProject
Project("{9A19103F-16F7-4668-BE54-9A1E7A4F7556}") = "Kros.Tags.Api", "src\Services\Kros.Tags.Api\Kros.Tags.Api.csproj", "{72015E0B-9BE3-42FF-94C4-8D039597774F}"
EndProject
Project("{FAE04EC0-301F-11D3-BF4B-00C04F79EFBC}") = "Kros.Tags.Tests", "tests\Kros.Tags.Tests\Kros.Tags.Tests.csproj", "{D9AD58BF-B841-4AB5-B308-4EA06C804369}"
EndProject
Global
	GlobalSection(SolutionConfigurationPlatforms) = preSolution
		Debug|Any CPU = Debug|Any CPU
		Release|Any CPU = Release|Any CPU
	EndGlobalSection
	GlobalSection(ProjectConfigurationPlatforms) = postSolution
		{ACB95283-B069-4977-8603-3E603D600511}.Debug|Any CPU.ActiveCfg = Debug|Any CPU
		{ACB95283-B069-4977-8603-3E603D600511}.Debug|Any CPU.Build.0 = Debug|Any CPU
		{ACB95283-B069-4977-8603-3E603D600511}.Release|Any CPU.ActiveCfg = Release|Any CPU
		{ACB95283-B069-4977-8603-3E603D600511}.Release|Any CPU.Build.0 = Release|Any CPU
		{8A585086-3616-4358-80E9-DEB4816EE5CA}.Debug|Any CPU.ActiveCfg = Debug|Any CPU
		{8A585086-3616-4358-80E9-DEB4816EE5CA}.Debug|Any CPU.Build.0 = Debug|Any CPU
		{8A585086-3616-4358-80E9-DEB4816EE5CA}.Release|Any CPU.ActiveCfg = Release|Any CPU
		{8A585086-3616-4358-80E9-DEB4816EE5CA}.Release|Any CPU.Build.0 = Release|Any CPU
		{0BE6394E-9FA8-4C53-BF4A-1523FC7E37CC}.Debug|Any CPU.ActiveCfg = Debug|Any CPU
		{0BE6394E-9FA8-4C53-BF4A-1523FC7E37CC}.Debug|Any CPU.Build.0 = Debug|Any CPU
		{0BE6394E-9FA8-4C53-BF4A-1523FC7E37CC}.Release|Any CPU.ActiveCfg = Release|Any CPU
		{0BE6394E-9FA8-4C53-BF4A-1523FC7E37CC}.Release|Any CPU.Build.0 = Release|Any CPU
		{57E9ADA1-1EEF-41A7-84EB-F2821CC37CC5}.Debug|Any CPU.ActiveCfg = Debug|Any CPU
		{57E9ADA1-1EEF-41A7-84EB-F2821CC37CC5}.Debug|Any CPU.Build.0 = Debug|Any CPU
		{57E9ADA1-1EEF-41A7-84EB-F2821CC37CC5}.Release|Any CPU.ActiveCfg = Release|Any CPU
		{57E9ADA1-1EEF-41A7-84EB-F2821CC37CC5}.Release|Any CPU.Build.0 = Release|Any CPU
		{079413CC-8DF9-420E-A009-05E81A2C9653}.Debug|Any CPU.ActiveCfg = Debug|Any CPU
		{079413CC-8DF9-420E-A009-05E81A2C9653}.Debug|Any CPU.Build.0 = Debug|Any CPU
		{079413CC-8DF9-420E-A009-05E81A2C9653}.Release|Any CPU.ActiveCfg = Release|Any CPU
		{079413CC-8DF9-420E-A009-05E81A2C9653}.Release|Any CPU.Build.0 = Release|Any CPU
		{57E8ECA3-3D01-47AF-A9BF-EA0BFC9772EA}.Debug|Any CPU.ActiveCfg = Debug|Any CPU
		{57E8ECA3-3D01-47AF-A9BF-EA0BFC9772EA}.Debug|Any CPU.Build.0 = Debug|Any CPU
		{57E8ECA3-3D01-47AF-A9BF-EA0BFC9772EA}.Release|Any CPU.ActiveCfg = Release|Any CPU
		{57E8ECA3-3D01-47AF-A9BF-EA0BFC9772EA}.Release|Any CPU.Build.0 = Release|Any CPU
		{D3E65C82-002B-4B5B-A88C-6C5C4D742EB8}.Debug|Any CPU.ActiveCfg = Debug|Any CPU
		{D3E65C82-002B-4B5B-A88C-6C5C4D742EB8}.Debug|Any CPU.Build.0 = Debug|Any CPU
		{D3E65C82-002B-4B5B-A88C-6C5C4D742EB8}.Release|Any CPU.ActiveCfg = Release|Any CPU
		{D3E65C82-002B-4B5B-A88C-6C5C4D742EB8}.Release|Any CPU.Build.0 = Release|Any CPU
		{72015E0B-9BE3-42FF-94C4-8D039597774F}.Debug|Any CPU.ActiveCfg = Debug|Any CPU
		{72015E0B-9BE3-42FF-94C4-8D039597774F}.Debug|Any CPU.Build.0 = Debug|Any CPU
		{72015E0B-9BE3-42FF-94C4-8D039597774F}.Release|Any CPU.ActiveCfg = Release|Any CPU
		{72015E0B-9BE3-42FF-94C4-8D039597774F}.Release|Any CPU.Build.0 = Release|Any CPU
		{D9AD58BF-B841-4AB5-B308-4EA06C804369}.Debug|Any CPU.ActiveCfg = Debug|Any CPU
		{D9AD58BF-B841-4AB5-B308-4EA06C804369}.Debug|Any CPU.Build.0 = Debug|Any CPU
		{D9AD58BF-B841-4AB5-B308-4EA06C804369}.Release|Any CPU.ActiveCfg = Release|Any CPU
		{D9AD58BF-B841-4AB5-B308-4EA06C804369}.Release|Any CPU.Build.0 = Release|Any CPU
	EndGlobalSection
	GlobalSection(SolutionProperties) = preSolution
		HideSolutionNode = FALSE
	EndGlobalSection
	GlobalSection(NestedProjects) = preSolution
		{8CB018F4-EB2D-409A-8C2C-A1520690E766} = {15B43234-BFBA-41E1-A8C9-206689B00097}
		{DF9CF3D3-3396-46E5-9C3C-624ACD743852} = {15B43234-BFBA-41E1-A8C9-206689B00097}
		{ACB95283-B069-4977-8603-3E603D600511} = {8CB018F4-EB2D-409A-8C2C-A1520690E766}
		{8A585086-3616-4358-80E9-DEB4816EE5CA} = {8CB018F4-EB2D-409A-8C2C-A1520690E766}
		{0BE6394E-9FA8-4C53-BF4A-1523FC7E37CC} = {8CB018F4-EB2D-409A-8C2C-A1520690E766}
		{57E9ADA1-1EEF-41A7-84EB-F2821CC37CC5} = {8CB018F4-EB2D-409A-8C2C-A1520690E766}
		{1FB87585-551C-4480-B696-CFE24EA1C703} = {15B43234-BFBA-41E1-A8C9-206689B00097}
		{079413CC-8DF9-420E-A009-05E81A2C9653} = {0CA758E8-9154-4F55-8009-8DB24CB0EAAF}
		{57E8ECA3-3D01-47AF-A9BF-EA0BFC9772EA} = {1FB87585-551C-4480-B696-CFE24EA1C703}
		{D3E65C82-002B-4B5B-A88C-6C5C4D742EB8} = {DF9CF3D3-3396-46E5-9C3C-624ACD743852}
		{72015E0B-9BE3-42FF-94C4-8D039597774F} = {8CB018F4-EB2D-409A-8C2C-A1520690E766}
		{D9AD58BF-B841-4AB5-B308-4EA06C804369} = {0CA758E8-9154-4F55-8009-8DB24CB0EAAF}
	EndGlobalSection
	GlobalSection(ExtensibilityGlobals) = postSolution
		SolutionGuid = {62686C83-FD22-48A7-B4B2-F4981D81D79E}
	EndGlobalSection
EndGlobal
